{
  "version": 4,
  "terraform_version": "1.1.6",
  "serial": 1,
  "lineage": "27ea8971-5d30-3628-3e52-3ede2f25b985",
  "outputs": {},
  "resources": [
    {
      "mode": "managed",
      "type": "azurerm_app_service_custom_hostname_binding",
      "name": "res-27",
      "provider": "provider[\"registry.terraform.io/hashicorp/azurerm\"]",
      "instances": [
        {
          "schema_version": 0,
          "attributes": {
            "app_service_name": "logcornerpewebapp",
            "hostname": "logcornerpewebapp.azurewebsites.net",
            "id": "/subscriptions/023b2039-5c23-44b8-844e-c002f8ed431d/resourceGroups/CreatePrivateEndpointQS-rg/providers/Microsoft.Web/sites/logcornerpewebapp/hostNameBindings/logcornerpewebapp.azurewebsites.net",
            "resource_group_name": "CreatePrivateEndpointQS-rg",
            "ssl_state": "",
            "thumbprint": "",
            "timeouts": {
              "create": null,
              "delete": null,
              "read": null,
              "update": null
            },
            "virtual_ip": ""
          },
          "sensitive_attributes": [],
          "private": "eyJlMmJmYjczMC1lY2FhLTExZTYtOGY4OC0zNDM2M2JjN2M0YzAiOnsiY3JlYXRlIjoxODAwMDAwMDAwMDAwLCJkZWxldGUiOjE4MDAwMDAwMDAwMDAsInJlYWQiOjMwMDAwMDAwMDAwMCwidXBkYXRlIjoxODAwMDAwMDAwMDAwfSwic2NoZW1hX3ZlcnNpb24iOiIwIn0="
        }
      ]
    },
    {
      "mode": "managed",
      "type": "azurerm_application_insights",
      "name": "res-50",
      "provider": "provider[\"registry.terraform.io/hashicorp/azurerm\"]",
      "instances": [
        {
          "schema_version": 1,
          "attributes": {
            "app_id": "d66cc0c7-e5a8-45ee-ae45-1ac7bead9dbf",
            "application_type": "web",
            "connection_string": "InstrumentationKey=92c100d8-92d6-4278-b2bd-ad536cca2511;IngestionEndpoint=https://eastus-8.in.applicationinsights.azure.com/;LiveEndpoint=https://eastus.livediagnostics.monitor.azure.com/",
            "daily_data_cap_in_gb": 100,
            "daily_data_cap_notifications_disabled": false,
            "disable_ip_masking": false,
            "force_customer_storage_for_profiler": false,
            "id": "/subscriptions/023b2039-5c23-44b8-844e-c002f8ed431d/resourceGroups/CreatePrivateEndpointQS-rg/providers/Microsoft.Insights/components/logcornerpewebapp",
            "instrumentation_key": "92c100d8-92d6-4278-b2bd-ad536cca2511",
            "internet_ingestion_enabled": true,
            "internet_query_enabled": true,
            "local_authentication_disabled": false,
            "location": "eastus",
            "name": "logcornerpewebapp",
            "resource_group_name": "CreatePrivateEndpointQS-rg",
            "retention_in_days": 90,
            "sampling_percentage": 0,
            "tags": {},
            "timeouts": {
              "create": null,
              "delete": null,
              "read": null,
              "update": null
            },
            "workspace_id": "/subscriptions/023b2039-5c23-44b8-844e-c002f8ed431d/resourceGroups/DefaultResourceGroup-WEU/providers/Microsoft.OperationalInsights/workspaces/DefaultWorkspace-023b2039-5c23-44b8-844e-c002f8ed431d-WEU"
          },
          "sensitive_attributes": [],
          "private": "eyJlMmJmYjczMC1lY2FhLTExZTYtOGY4OC0zNDM2M2JjN2M0YzAiOnsiY3JlYXRlIjozNjAwMDAwMDAwMDAwLCJkZWxldGUiOjE4MDAwMDAwMDAwMDAsInJlYWQiOjMwMDAwMDAwMDAwMCwidXBkYXRlIjoxODAwMDAwMDAwMDAwfSwic2NoZW1hX3ZlcnNpb24iOiIxIn0="
        }
      ]
    },
    {
      "mode": "managed",
      "type": "azurerm_bastion_host",
      "name": "res-5",
      "provider": "provider[\"registry.terraform.io/hashicorp/azurerm\"]",
      "instances": [
        {
          "schema_version": 0,
          "attributes": {
            "copy_paste_enabled": true,
            "dns_name": "bst-482c64ce-f768-4371-a7b1-99dad800bfcf.bastion.azure.com",
            "file_copy_enabled": false,
            "id": "/subscriptions/023b2039-5c23-44b8-844e-c002f8ed431d/resourceGroups/CreatePrivateEndpointQS-rg/providers/Microsoft.Network/bastionHosts/myBastion",
            "ip_configuration": [
              {
                "name": "IpConf",
                "public_ip_address_id": "/subscriptions/023b2039-5c23-44b8-844e-c002f8ed431d/resourceGroups/CreatePrivateEndpointQS-rg/providers/Microsoft.Network/publicIPAddresses/myBastionIP",
                "subnet_id": "/subscriptions/023b2039-5c23-44b8-844e-c002f8ed431d/resourceGroups/CreatePrivateEndpointQS-rg/providers/Microsoft.Network/virtualNetworks/MyVNet/subnets/AzureBastionSubnet"
              }
            ],
            "ip_connect_enabled": false,
            "location": "eastus",
            "name": "myBastion",
            "resource_group_name": "CreatePrivateEndpointQS-rg",
            "scale_units": 2,
            "shareable_link_enabled": false,
            "sku": "Basic",
            "tags": {},
            "timeouts": {
              "create": null,
              "delete": null,
              "read": null,
              "update": null
            },
            "tunneling_enabled": false
          },
          "sensitive_attributes": [],
          "private": "eyJlMmJmYjczMC1lY2FhLTExZTYtOGY4OC0zNDM2M2JjN2M0YzAiOnsiY3JlYXRlIjoxODAwMDAwMDAwMDAwLCJkZWxldGUiOjE4MDAwMDAwMDAwMDAsInJlYWQiOjMwMDAwMDAwMDAwMCwidXBkYXRlIjoxODAwMDAwMDAwMDAwfSwic2NoZW1hX3ZlcnNpb24iOiIwIn0="
        }
      ]
    },
    {
      "mode": "managed",
      "type": "azurerm_linux_web_app",
      "name": "res-23",
      "provider": "provider[\"registry.terraform.io/hashicorp/azurerm\"]",
      "instances": [
        {
          "schema_version": 0,
          "attributes": {
            "app_settings": {
              "APPINSIGHTS_INSTRUMENTATIONKEY": "92c100d8-92d6-4278-b2bd-ad536cca2511",
              "APPLICATIONINSIGHTS_CONNECTION_STRING": "InstrumentationKey=92c100d8-92d6-4278-b2bd-ad536cca2511;IngestionEndpoint=https://eastus-8.in.applicationinsights.azure.com/;LiveEndpoint=https://eastus.livediagnostics.monitor.azure.com/",
              "ApplicationInsightsAgent_EXTENSION_VERSION": "~3",
              "XDT_MicrosoftApplicationInsights_Mode": "Recommended"
            },
            "auth_settings": [],
            "auth_settings_v2": [],
            "backup": [],
            "client_affinity_enabled": false,
            "client_certificate_enabled": false,
            "client_certificate_exclusion_paths": "",
            "client_certificate_mode": "Required",
            "connection_string": [],
            "custom_domain_verification_id": "A7B00043658BFE1EB45E4C8CC19B21892555A876738A411BCE9C62ED55822C38",
            "default_hostname": "logcornerpewebapp.azurewebsites.net",
            "enabled": true,
            "https_only": true,
            "id": "/subscriptions/023b2039-5c23-44b8-844e-c002f8ed431d/resourceGroups/CreatePrivateEndpointQS-rg/providers/Microsoft.Web/sites/logcornerpewebapp",
            "identity": [],
            "key_vault_reference_identity_id": "SystemAssigned",
            "kind": "app,linux",
            "location": "eastus",
            "logs": [],
            "name": "logcornerpewebapp",
            "outbound_ip_address_list": [
              "52.142.27.122",
              "52.142.27.205",
              "52.142.27.237",
              "52.142.28.18",
              "52.142.28.108",
              "52.142.28.113",
              "20.119.16.38"
            ],
            "outbound_ip_addresses": "52.142.27.122,52.142.27.205,52.142.27.237,52.142.28.18,52.142.28.108,52.142.28.113,20.119.16.38",
            "possible_outbound_ip_address_list": [
              "20.185.79.171",
              "20.185.79.228",
              "52.142.24.25",
              "52.142.24.214",
              "52.142.25.94",
              "52.142.25.191",
              "52.142.25.234",
              "52.142.26.82",
              "52.142.26.128",
              "52.142.26.160",
              "52.142.27.2",
              "52.142.27.55",
              "52.142.27.122",
              "52.142.27.205",
              "52.142.27.237",
              "52.142.28.18",
              "52.142.28.108",
              "52.142.28.113",
              "52.142.28.144",
              "52.142.28.251",
              "52.142.29.15",
              "52.142.29.52",
              "52.142.29.75",
              "52.151.226.227",
              "20.119.16.38"
            ],
            "possible_outbound_ip_addresses": "20.185.79.171,20.185.79.228,52.142.24.25,52.142.24.214,52.142.25.94,52.142.25.191,52.142.25.234,52.142.26.82,52.142.26.128,52.142.26.160,52.142.27.2,52.142.27.55,52.142.27.122,52.142.27.205,52.142.27.237,52.142.28.18,52.142.28.108,52.142.28.113,52.142.28.144,52.142.28.251,52.142.29.15,52.142.29.52,52.142.29.75,52.151.226.227,20.119.16.38",
            "resource_group_name": "CreatePrivateEndpointQS-rg",
            "service_plan_id": "/subscriptions/023b2039-5c23-44b8-844e-c002f8ed431d/resourceGroups/CreatePrivateEndpointQS-rg/providers/Microsoft.Web/serverfarms/ASP-CreatePrivateEndpointQSrg-bca1",
            "site_config": [
              {
                "always_on": true,
                "api_definition_url": "",
                "api_management_api_id": "",
                "app_command_line": "",
                "application_stack": [
                  {
                    "docker_image": "",
                    "docker_image_tag": "",
                    "dotnet_version": "7.0",
                    "go_version": "",
                    "java_server": "",
                    "java_server_version": "",
                    "java_version": "",
                    "node_version": "",
                    "php_version": "",
                    "python_version": "",
                    "ruby_version": ""
                  }
                ],
                "auto_heal_enabled": false,
                "auto_heal_setting": [],
                "container_registry_managed_identity_client_id": "",
                "container_registry_use_managed_identity": false,
                "cors": [],
                "default_documents": [
                  "Default.htm",
                  "Default.html",
                  "Default.asp",
                  "index.htm",
                  "index.html",
                  "iisstart.htm",
                  "default.aspx",
                  "index.php",
                  "hostingstart.html"
                ],
                "detailed_error_logging_enabled": false,
                "ftps_state": "FtpsOnly",
                "health_check_eviction_time_in_min": 0,
                "health_check_path": "",
                "http2_enabled": false,
                "ip_restriction": [],
                "linux_fx_version": "DOTNETCORE|7.0",
                "load_balancing_mode": "LeastRequests",
                "local_mysql_enabled": false,
                "managed_pipeline_mode": "Integrated",
                "minimum_tls_version": "1.2",
                "remote_debugging_enabled": false,
                "remote_debugging_version": "",
                "scm_ip_restriction": [],
                "scm_minimum_tls_version": "1.2",
                "scm_type": "None",
                "scm_use_main_ip_restriction": false,
                "use_32_bit_worker": true,
                "vnet_route_all_enabled": false,
                "websockets_enabled": false,
                "worker_count": 1
              }
            ],
            "site_credential": [
              {
                "name": "$logcornerpewebapp",
                "password": "Xucl0veW7xZ8f7RXQklLQmEH1H8beYbqLlTibaZCK4W8mkRuAqQpMC06bkKC"
              }
            ],
            "sticky_settings": [],
            "storage_account": [],
            "tags": {},
            "timeouts": {
              "create": null,
              "delete": null,
              "read": null,
              "update": null
            },
            "virtual_network_subnet_id": "",
            "zip_deploy_file": ""
          },
          "sensitive_attributes": [],
          "private": "eyJlMmJmYjczMC1lY2FhLTExZTYtOGY4OC0zNDM2M2JjN2M0YzAiOnsiY3JlYXRlIjoxODAwMDAwMDAwMDAwLCJkZWxldGUiOjE4MDAwMDAwMDAwMDAsInJlYWQiOjMwMDAwMDAwMDAwMCwidXBkYXRlIjoxODAwMDAwMDAwMDAwfSwic2NoZW1hX3ZlcnNpb24iOiIwIn0="
        }
      ]
    },
    {
      "mode": "managed",
      "type": "azurerm_monitor_action_group",
      "name": "res-49",
      "provider": "provider[\"registry.terraform.io/hashicorp/azurerm\"]",
      "instances": [
        {
          "schema_version": 1,
          "attributes": {
            "arm_role_receiver": [
              {
                "name": "Monitoring Contributor",
                "role_id": "749f88d5-cbae-40b8-bcfc-e573ddc772fa",
                "use_common_alert_schema": true
              },
              {
                "name": "Monitoring Reader",
                "role_id": "43d0d8ad-25c7-4714-9337-8ba259a9fe05",
                "use_common_alert_schema": true
              }
            ],
            "automation_runbook_receiver": [],
            "azure_app_push_receiver": [],
            "azure_function_receiver": [],
            "email_receiver": [],
            "enabled": true,
            "event_hub_receiver": [],
            "id": "/subscriptions/023b2039-5c23-44b8-844e-c002f8ed431d/resourceGroups/CreatePrivateEndpointQS-rg/providers/Microsoft.Insights/actionGroups/Application Insights Smart Detection",
            "itsm_receiver": [],
            "logic_app_receiver": [],
            "name": "Application Insights Smart Detection",
            "resource_group_name": "CreatePrivateEndpointQS-rg",
            "short_name": "SmartDetect",
            "sms_receiver": [],
            "tags": {},
            "timeouts": {
              "create": null,
              "delete": null,
              "read": null,
              "update": null
            },
            "voice_receiver": [],
            "webhook_receiver": []
          },
          "sensitive_attributes": [],
          "private": "eyJlMmJmYjczMC1lY2FhLTExZTYtOGY4OC0zNDM2M2JjN2M0YzAiOnsiY3JlYXRlIjoxODAwMDAwMDAwMDAwLCJkZWxldGUiOjE4MDAwMDAwMDAwMDAsInJlYWQiOjMwMDAwMDAwMDAwMCwidXBkYXRlIjoxODAwMDAwMDAwMDAwfSwic2NoZW1hX3ZlcnNpb24iOiIxIn0="
        }
      ]
    },
    {
      "mode": "managed",
      "type": "azurerm_monitor_smart_detector_alert_rule",
      "name": "res-48",
      "provider": "provider[\"registry.terraform.io/hashicorp/azurerm\"]",
      "instances": [
        {
          "schema_version": 1,
          "attributes": {
            "action_group": [
              {
                "email_subject": "",
                "ids": [
                  "/subscriptions/023b2039-5c23-44b8-844e-c002f8ed431d/resourcegroups/createprivateendpointqs-rg/providers/microsoft.insights/actiongroups/application insights smart detection"
                ],
                "webhook_payload": ""
              }
            ],
            "description": "Failure Anomalies notifies you of an unusual rise in the rate of failed HTTP requests or dependency calls.",
            "detector_type": "FailureAnomaliesDetector",
            "enabled": true,
            "frequency": "PT1M",
            "id": "/subscriptions/023b2039-5c23-44b8-844e-c002f8ed431d/resourceGroups/CreatePrivateEndpointQS-rg/providers/Microsoft.AlertsManagement/smartDetectorAlertRules/Failure Anomalies - logcornerpewebapp",
            "name": "Failure Anomalies - logcornerpewebapp",
            "resource_group_name": "CreatePrivateEndpointQS-rg",
            "scope_resource_ids": [
              "/subscriptions/023b2039-5c23-44b8-844e-c002f8ed431d/resourcegroups/createprivateendpointqs-rg/providers/microsoft.insights/components/logcornerpewebapp"
            ],
            "severity": "Sev3",
            "tags": {},
            "throttling_duration": "",
            "timeouts": {
              "create": null,
              "delete": null,
              "read": null,
              "update": null
            }
          },
          "sensitive_attributes": [],
          "private": "eyJlMmJmYjczMC1lY2FhLTExZTYtOGY4OC0zNDM2M2JjN2M0YzAiOnsiY3JlYXRlIjoxODAwMDAwMDAwMDAwLCJkZWxldGUiOjE4MDAwMDAwMDAwMDAsInJlYWQiOjMwMDAwMDAwMDAwMCwidXBkYXRlIjoxODAwMDAwMDAwMDAwfSwic2NoZW1hX3ZlcnNpb24iOiIxIn0="
        }
      ]
    },
    {
      "mode": "managed",
      "type": "azurerm_network_interface",
      "name": "res-6",
      "provider": "provider[\"registry.terraform.io/hashicorp/azurerm\"]",
      "instances": [
        {
          "schema_version": 0,
          "attributes": {
            "applied_dns_servers": [],
            "dns_servers": [],
            "edge_zone": "",
            "enable_accelerated_networking": false,
            "enable_ip_forwarding": false,
            "id": "/subscriptions/023b2039-5c23-44b8-844e-c002f8ed431d/resourceGroups/CreatePrivateEndpointQS-rg/providers/Microsoft.Network/networkInterfaces/myNicVM",
            "internal_dns_name_label": "",
            "internal_domain_name_suffix": "",
            "ip_configuration": [
              {
                "gateway_load_balancer_frontend_ip_configuration_id": "",
                "name": "ipconfig1",
                "primary": true,
                "private_ip_address": "10.0.0.4",
                "private_ip_address_allocation": "Dynamic",
                "private_ip_address_version": "IPv4",
                "public_ip_address_id": "",
                "subnet_id": "/subscriptions/023b2039-5c23-44b8-844e-c002f8ed431d/resourceGroups/CreatePrivateEndpointQS-rg/providers/Microsoft.Network/virtualNetworks/MyVNet/subnets/myBackendSubnet"
              }
            ],
            "location": "eastus",
            "mac_address": "00-0D-3A-8B-A5-6C",
            "name": "myNicVM",
            "private_ip_address": "10.0.0.4",
            "private_ip_addresses": [
              "10.0.0.4"
            ],
            "resource_group_name": "CreatePrivateEndpointQS-rg",
            "tags": {},
            "timeouts": {
              "create": null,
              "delete": null,
              "read": null,
              "update": null
            },
            "virtual_machine_id": "/subscriptions/023b2039-5c23-44b8-844e-c002f8ed431d/resourceGroups/CreatePrivateEndpointQS-rg/providers/Microsoft.Compute/virtualMachines/myVM"
          },
          "sensitive_attributes": [],
          "private": "eyJlMmJmYjczMC1lY2FhLTExZTYtOGY4OC0zNDM2M2JjN2M0YzAiOnsiY3JlYXRlIjoxODAwMDAwMDAwMDAwLCJkZWxldGUiOjE4MDAwMDAwMDAwMDAsInJlYWQiOjMwMDAwMDAwMDAwMCwidXBkYXRlIjoxODAwMDAwMDAwMDAwfSwic2NoZW1hX3ZlcnNpb24iOiIwIn0="
        }
      ]
    },
    {
      "mode": "managed",
      "type": "azurerm_network_interface",
      "name": "res-7",
      "provider": "provider[\"registry.terraform.io/hashicorp/azurerm\"]",
      "instances": [
        {
          "schema_version": 0,
          "attributes": {
            "applied_dns_servers": [],
            "dns_servers": [],
            "edge_zone": "",
            "enable_accelerated_networking": false,
            "enable_ip_forwarding": false,
            "id": "/subscriptions/023b2039-5c23-44b8-844e-c002f8ed431d/resourceGroups/CreatePrivateEndpointQS-rg/providers/Microsoft.Network/networkInterfaces/myPrivateEndpoint.nic.ba3a177f-ac3e-48bc-8c98-a8886691d995",
            "internal_dns_name_label": "",
            "internal_domain_name_suffix": "gpj0bpo0qzfudcicvamdahsbvb.bx.internal.cloudapp.net",
            "ip_configuration": [
              {
                "gateway_load_balancer_frontend_ip_configuration_id": "",
                "name": "privateEndpointIpConfig.675812f6-6fcc-4625-b03c-a7dd75c810ce",
                "primary": true,
                "private_ip_address": "10.0.0.5",
                "private_ip_address_allocation": "Dynamic",
                "private_ip_address_version": "IPv4",
                "public_ip_address_id": "",
                "subnet_id": "/subscriptions/023b2039-5c23-44b8-844e-c002f8ed431d/resourceGroups/CreatePrivateEndpointQS-rg/providers/Microsoft.Network/virtualNetworks/MyVNet/subnets/myBackendSubnet"
              }
            ],
            "location": "eastus",
            "mac_address": "",
            "name": "myPrivateEndpoint.nic.ba3a177f-ac3e-48bc-8c98-a8886691d995",
            "private_ip_address": "10.0.0.5",
            "private_ip_addresses": [
              "10.0.0.5"
            ],
            "resource_group_name": "CreatePrivateEndpointQS-rg",
            "tags": {},
            "timeouts": {
              "create": null,
              "delete": null,
              "read": null,
              "update": null
            },
            "virtual_machine_id": ""
          },
          "sensitive_attributes": [],
          "private": "eyJlMmJmYjczMC1lY2FhLTExZTYtOGY4OC0zNDM2M2JjN2M0YzAiOnsiY3JlYXRlIjoxODAwMDAwMDAwMDAwLCJkZWxldGUiOjE4MDAwMDAwMDAwMDAsInJlYWQiOjMwMDAwMDAwMDAwMCwidXBkYXRlIjoxODAwMDAwMDAwMDAwfSwic2NoZW1hX3ZlcnNpb24iOiIwIn0="
        }
      ]
    },
    {
      "mode": "managed",
      "type": "azurerm_private_dns_a_record",
      "name": "res-51",
      "provider": "provider[\"registry.terraform.io/hashicorp/azurerm\"]",
      "instances": [
        {
          "schema_version": 0,
          "attributes": {
            "fqdn": "logcornerpewebapp.privatelink.azurewebsites.net.",
            "id": "/subscriptions/023b2039-5c23-44b8-844e-c002f8ed431d/resourceGroups/createprivateendpointqs-rg/providers/Microsoft.Network/privateDnsZones/privatelink.azurewebsites.net/A/logcornerpewebapp",
            "name": "logcornerpewebapp",
            "records": [
              "10.0.0.5"
            ],
            "resource_group_name": "createprivateendpointqs-rg",
            "tags": {
              "creator": "created by private endpoint myPrivateEndpoint with resource guid 9d618b81-8494-41d7-a47c-3cea4eaca3af"
            },
            "timeouts": {
              "create": null,
              "delete": null,
              "read": null,
              "update": null
            },
            "ttl": 10,
            "zone_name": "privatelink.azurewebsites.net"
          },
          "sensitive_attributes": [],
          "private": "eyJlMmJmYjczMC1lY2FhLTExZTYtOGY4OC0zNDM2M2JjN2M0YzAiOnsiY3JlYXRlIjoxODAwMDAwMDAwMDAwLCJkZWxldGUiOjE4MDAwMDAwMDAwMDAsInJlYWQiOjMwMDAwMDAwMDAwMCwidXBkYXRlIjoxODAwMDAwMDAwMDAwfSwic2NoZW1hX3ZlcnNpb24iOiIwIn0="
        }
      ]
    },
    {
      "mode": "managed",
      "type": "azurerm_private_dns_a_record",
      "name": "res-52",
      "provider": "provider[\"registry.terraform.io/hashicorp/azurerm\"]",
      "instances": [
        {
          "schema_version": 0,
          "attributes": {
            "fqdn": "logcornerpewebapp.scm.privatelink.azurewebsites.net.",
            "id": "/subscriptions/023b2039-5c23-44b8-844e-c002f8ed431d/resourceGroups/createprivateendpointqs-rg/providers/Microsoft.Network/privateDnsZones/privatelink.azurewebsites.net/A/logcornerpewebapp.scm",
            "name": "logcornerpewebapp.scm",
            "records": [
              "10.0.0.5"
            ],
            "resource_group_name": "createprivateendpointqs-rg",
            "tags": {
              "creator": "created by private endpoint myPrivateEndpoint with resource guid 9d618b81-8494-41d7-a47c-3cea4eaca3af"
            },
            "timeouts": {
              "create": null,
              "delete": null,
              "read": null,
              "update": null
            },
            "ttl": 10,
            "zone_name": "privatelink.azurewebsites.net"
          },
          "sensitive_attributes": [],
          "private": "eyJlMmJmYjczMC1lY2FhLTExZTYtOGY4OC0zNDM2M2JjN2M0YzAiOnsiY3JlYXRlIjoxODAwMDAwMDAwMDAwLCJkZWxldGUiOjE4MDAwMDAwMDAwMDAsInJlYWQiOjMwMDAwMDAwMDAwMCwidXBkYXRlIjoxODAwMDAwMDAwMDAwfSwic2NoZW1hX3ZlcnNpb24iOiIwIn0="
        }
      ]
    },
    {
      "mode": "managed",
      "type": "azurerm_private_dns_zone",
      "name": "res-8",
      "provider": "provider[\"registry.terraform.io/hashicorp/azurerm\"]",
      "instances": [
        {
          "schema_version": 0,
          "attributes": {
            "id": "/subscriptions/023b2039-5c23-44b8-844e-c002f8ed431d/resourceGroups/CreatePrivateEndpointQS-rg/providers/Microsoft.Network/privateDnsZones/privatelink.Azurewebsites.net",
            "max_number_of_record_sets": 25000,
            "max_number_of_virtual_network_links": 1000,
            "max_number_of_virtual_network_links_with_registration": 100,
            "name": "privatelink.Azurewebsites.net",
            "number_of_record_sets": 3,
            "resource_group_name": "CreatePrivateEndpointQS-rg",
            "soa_record": [
              {
                "email": "azureprivatedns-host.microsoft.com",
                "expire_time": 2419200,
                "fqdn": "privatelink.azurewebsites.net.",
                "host_name": "azureprivatedns.net",
                "minimum_ttl": 10,
                "refresh_time": 3600,
                "retry_time": 300,
                "serial_number": 1,
                "tags": {},
                "ttl": 3600
              }
            ],
            "tags": {},
            "timeouts": {
              "create": null,
              "delete": null,
              "read": null,
              "update": null
            }
          },
          "sensitive_attributes": [],
          "private": "eyJlMmJmYjczMC1lY2FhLTExZTYtOGY4OC0zNDM2M2JjN2M0YzAiOnsiY3JlYXRlIjoxODAwMDAwMDAwMDAwLCJkZWxldGUiOjE4MDAwMDAwMDAwMDAsInJlYWQiOjMwMDAwMDAwMDAwMCwidXBkYXRlIjoxODAwMDAwMDAwMDAwfSwic2NoZW1hX3ZlcnNpb24iOiIwIn0="
        }
      ]
    },
    {
      "mode": "managed",
      "type": "azurerm_private_dns_zone_virtual_network_link",
      "name": "res-9",
      "provider": "provider[\"registry.terraform.io/hashicorp/azurerm\"]",
      "instances": [
        {
          "schema_version": 0,
          "attributes": {
            "id": "/subscriptions/023b2039-5c23-44b8-844e-c002f8ed431d/resourceGroups/CreatePrivateEndpointQS-rg/providers/Microsoft.Network/privateDnsZones/privatelink.Azurewebsites.net/virtualNetworkLinks/myLink",
            "name": "myLink",
            "private_dns_zone_name": "privatelink.Azurewebsites.net",
            "registration_enabled": false,
            "resource_group_name": "CreatePrivateEndpointQS-rg",
            "tags": {},
            "timeouts": {
              "create": null,
              "delete": null,
              "read": null,
              "update": null
            },
            "virtual_network_id": "/subscriptions/023b2039-5c23-44b8-844e-c002f8ed431d/resourceGroups/CreatePrivateEndpointQS-rg/providers/Microsoft.Network/virtualNetworks/MyVNet"
          },
          "sensitive_attributes": [],
          "private": "eyJlMmJmYjczMC1lY2FhLTExZTYtOGY4OC0zNDM2M2JjN2M0YzAiOnsiY3JlYXRlIjoxODAwMDAwMDAwMDAwLCJkZWxldGUiOjE4MDAwMDAwMDAwMDAsInJlYWQiOjMwMDAwMDAwMDAwMCwidXBkYXRlIjoxODAwMDAwMDAwMDAwfSwic2NoZW1hX3ZlcnNpb24iOiIwIn0="
        }
      ]
    },
    {
      "mode": "managed",
      "type": "azurerm_private_endpoint",
      "name": "res-10",
      "provider": "provider[\"registry.terraform.io/hashicorp/azurerm\"]",
      "instances": [
        {
          "schema_version": 0,
          "attributes": {
            "custom_dns_configs": [],
            "custom_network_interface_name": "",
            "id": "/subscriptions/023b2039-5c23-44b8-844e-c002f8ed431d/resourceGroups/CreatePrivateEndpointQS-rg/providers/Microsoft.Network/privateEndpoints/myPrivateEndpoint",
            "ip_configuration": [],
            "location": "eastus",
            "name": "myPrivateEndpoint",
            "network_interface": [
              {
                "id": "/subscriptions/023b2039-5c23-44b8-844e-c002f8ed431d/resourceGroups/CreatePrivateEndpointQS-rg/providers/Microsoft.Network/networkInterfaces/myPrivateEndpoint.nic.ba3a177f-ac3e-48bc-8c98-a8886691d995",
                "name": "myPrivateEndpoint.nic.ba3a177f-ac3e-48bc-8c98-a8886691d995"
              }
            ],
            "private_dns_zone_configs": [
              {
                "id": "/subscriptions/023b2039-5c23-44b8-844e-c002f8ed431d/resourceGroups/CreatePrivateEndpointQS-rg/providers/Microsoft.Network/privateEndpoints/myPrivateEndpoint/privateDnsZoneGroups/myZoneGroup/privateDnsZoneConfigs/privatelink.Azurewebsites.net",
                "name": "privatelink.Azurewebsites.net",
                "private_dns_zone_id": "/subscriptions/023b2039-5c23-44b8-844e-c002f8ed431d/resourceGroups/createprivateendpointqs-rg/providers/Microsoft.Network/privateDnsZones/privatelink.azurewebsites.net",
                "record_sets": [
                  {
                    "fqdn": "logcornerpewebapp.privatelink.azurewebsites.net",
                    "ip_addresses": [
                      "10.0.0.5"
                    ],
                    "name": "logcornerpewebapp",
                    "ttl": 10,
                    "type": "A"
                  },
                  {
                    "fqdn": "logcornerpewebapp.scm.privatelink.azurewebsites.net",
                    "ip_addresses": [
                      "10.0.0.5"
                    ],
                    "name": "logcornerpewebapp.scm",
                    "ttl": 10,
                    "type": "A"
                  }
                ]
              }
            ],
            "private_dns_zone_group": [
              {
                "id": "/subscriptions/023b2039-5c23-44b8-844e-c002f8ed431d/resourceGroups/CreatePrivateEndpointQS-rg/providers/Microsoft.Network/privateEndpoints/myPrivateEndpoint/privateDnsZoneGroups/myZoneGroup",
                "name": "myZoneGroup",
                "private_dns_zone_ids": [
                  "/subscriptions/023b2039-5c23-44b8-844e-c002f8ed431d/resourceGroups/createprivateendpointqs-rg/providers/Microsoft.Network/privateDnsZones/privatelink.azurewebsites.net"
                ]
              }
            ],
            "private_service_connection": [
              {
                "is_manual_connection": false,
                "name": "myConnection",
                "private_connection_resource_alias": "",
                "private_connection_resource_id": "/subscriptions/023b2039-5c23-44b8-844e-c002f8ed431d/resourceGroups/CreatePrivateEndpointQS-rg/providers/Microsoft.Web/sites/logcornerpewebapp",
                "private_ip_address": "10.0.0.5",
                "request_message": "",
                "subresource_names": [
                  "sites"
                ]
              }
            ],
            "resource_group_name": "CreatePrivateEndpointQS-rg",
            "subnet_id": "/subscriptions/023b2039-5c23-44b8-844e-c002f8ed431d/resourceGroups/CreatePrivateEndpointQS-rg/providers/Microsoft.Network/virtualNetworks/MyVNet/subnets/myBackendSubnet",
            "tags": {},
            "timeouts": {
              "create": null,
              "delete": null,
              "read": null,
              "update": null
            }
          },
          "sensitive_attributes": [],
          "private": "eyJlMmJmYjczMC1lY2FhLTExZTYtOGY4OC0zNDM2M2JjN2M0YzAiOnsiY3JlYXRlIjozNjAwMDAwMDAwMDAwLCJkZWxldGUiOjM2MDAwMDAwMDAwMDAsInJlYWQiOjMwMDAwMDAwMDAwMCwidXBkYXRlIjozNjAwMDAwMDAwMDAwfSwic2NoZW1hX3ZlcnNpb24iOiIwIn0="
        }
      ]
    },
    {
      "mode": "managed",
      "type": "azurerm_public_ip",
      "name": "res-12",
      "provider": "provider[\"registry.terraform.io/hashicorp/azurerm\"]",
      "instances": [
        {
          "schema_version": 0,
          "attributes": {
            "allocation_method": "Static",
            "ddos_protection_mode": "VirtualNetworkInherited",
            "ddos_protection_plan_id": null,
            "domain_name_label": null,
            "edge_zone": "",
            "fqdn": null,
            "id": "/subscriptions/023b2039-5c23-44b8-844e-c002f8ed431d/resourceGroups/CreatePrivateEndpointQS-rg/providers/Microsoft.Network/publicIPAddresses/myBastionIP",
            "idle_timeout_in_minutes": 4,
            "ip_address": "104.211.0.127",
            "ip_tags": {},
            "ip_version": "IPv4",
            "location": "eastus",
            "name": "myBastionIP",
            "public_ip_prefix_id": null,
            "resource_group_name": "CreatePrivateEndpointQS-rg",
            "reverse_fqdn": null,
            "sku": "Standard",
            "sku_tier": "Regional",
            "tags": {},
            "timeouts": {
              "create": null,
              "delete": null,
              "read": null,
              "update": null
            },
            "zones": []
          },
          "sensitive_attributes": [],
          "private": "eyJlMmJmYjczMC1lY2FhLTExZTYtOGY4OC0zNDM2M2JjN2M0YzAiOnsiY3JlYXRlIjoxODAwMDAwMDAwMDAwLCJkZWxldGUiOjE4MDAwMDAwMDAwMDAsInJlYWQiOjMwMDAwMDAwMDAwMCwidXBkYXRlIjoxODAwMDAwMDAwMDAwfSwic2NoZW1hX3ZlcnNpb24iOiIwIn0="
        }
      ]
    },
    {
      "mode": "managed",
      "type": "azurerm_resource_group",
      "name": "res-0",
      "provider": "provider[\"registry.terraform.io/hashicorp/azurerm\"]",
      "instances": [
        {
          "schema_version": 0,
          "attributes": {
            "id": "/subscriptions/023b2039-5c23-44b8-844e-c002f8ed431d/resourceGroups/CreatePrivateEndpointQS-rg",
            "location": "eastus",
            "name": "CreatePrivateEndpointQS-rg",
            "tags": {},
            "timeouts": {
              "create": null,
              "delete": null,
              "read": null,
              "update": null
            }
          },
          "sensitive_attributes": [],
          "private": "eyJlMmJmYjczMC1lY2FhLTExZTYtOGY4OC0zNDM2M2JjN2M0YzAiOnsiY3JlYXRlIjo1NDAwMDAwMDAwMDAwLCJkZWxldGUiOjU0MDAwMDAwMDAwMDAsInJlYWQiOjMwMDAwMDAwMDAwMCwidXBkYXRlIjo1NDAwMDAwMDAwMDAwfSwic2NoZW1hX3ZlcnNpb24iOiIwIn0="
        }
      ]
    },
    {
      "mode": "managed",
      "type": "azurerm_service_plan",
      "name": "res-22",
      "provider": "provider[\"registry.terraform.io/hashicorp/azurerm\"]",
      "instances": [
        {
          "schema_version": 0,
          "attributes": {
            "app_service_environment_id": "",
            "id": "/subscriptions/023b2039-5c23-44b8-844e-c002f8ed431d/resourceGroups/CreatePrivateEndpointQS-rg/providers/Microsoft.Web/serverfarms/ASP-CreatePrivateEndpointQSrg-bca1",
            "kind": "linux",
            "location": "eastus",
            "maximum_elastic_worker_count": 1,
            "name": "ASP-CreatePrivateEndpointQSrg-bca1",
            "os_type": "Linux",
            "per_site_scaling_enabled": false,
            "reserved": true,
            "resource_group_name": "CreatePrivateEndpointQS-rg",
            "sku_name": "P1v3",
            "tags": {},
            "timeouts": {
              "create": null,
              "delete": null,
              "read": null,
              "update": null
            },
            "worker_count": 1,
            "zone_balancing_enabled": false
          },
          "sensitive_attributes": [],
          "private": "eyJlMmJmYjczMC1lY2FhLTExZTYtOGY4OC0zNDM2M2JjN2M0YzAiOnsiY3JlYXRlIjozNjAwMDAwMDAwMDAwLCJkZWxldGUiOjM2MDAwMDAwMDAwMDAsInJlYWQiOjMwMDAwMDAwMDAwMCwidXBkYXRlIjozNjAwMDAwMDAwMDAwfSwic2NoZW1hX3ZlcnNpb24iOiIwIn0="
        }
      ]
    },
    {
      "mode": "managed",
      "type": "azurerm_storage_account",
      "name": "res-16",
      "provider": "provider[\"registry.terraform.io/hashicorp/azurerm\"]",
      "instances": [
        {
          "schema_version": 3,
          "attributes": {
            "access_tier": "Hot",
            "account_kind": "StorageV2",
            "account_replication_type": "GRS",
            "account_tier": "Standard",
            "allow_nested_items_to_be_public": true,
            "allowed_copy_scope": "",
            "azure_files_authentication": [],
            "blob_properties": [
              {
                "change_feed_enabled": false,
                "change_feed_retention_in_days": 0,
                "container_delete_retention_policy": [],
                "cors_rule": [],
                "default_service_version": "",
                "delete_retention_policy": [],
                "last_access_time_enabled": false,
                "restore_policy": [],
                "versioning_enabled": false
              }
            ],
            "cross_tenant_replication_enabled": null,
            "custom_domain": [],
            "customer_managed_key": [],
            "default_to_oauth_authentication": false,
            "edge_zone": "",
            "enable_https_traffic_only": true,
            "id": "/subscriptions/023b2039-5c23-44b8-844e-c002f8ed431d/resourceGroups/CreatePrivateEndpointQS-rg/providers/Microsoft.Storage/storageAccounts/microcreatemyvm041719430",
            "identity": [],
            "immutability_policy": [],
            "infrastructure_encryption_enabled": false,
            "is_hns_enabled": false,
            "large_file_share_enabled": null,
            "location": "eastus",
            "min_tls_version": "TLS1_0",
            "name": "microcreatemyvm041719430",
            "network_rules": [
              {
                "bypass": [
                  "AzureServices"
                ],
                "default_action": "Allow",
                "ip_rules": [],
                "private_link_access": [],
                "virtual_network_subnet_ids": []
              }
            ],
            "nfsv3_enabled": false,
            "primary_access_key": "h1kiVoKaQPHOfSVhLrwLNHpMYvyVgvkexnEXH4UB/TICjUN/s5pzKLioqlDwyTHu7NAw/Ao8mEMi+AStd9syUA==",
            "primary_blob_connection_string": "DefaultEndpointsProtocol=https;BlobEndpoint=https://microcreatemyvm041719430.blob.core.windows.net/;AccountName=microcreatemyvm041719430;AccountKey=h1kiVoKaQPHOfSVhLrwLNHpMYvyVgvkexnEXH4UB/TICjUN/s5pzKLioqlDwyTHu7NAw/Ao8mEMi+AStd9syUA==",
            "primary_blob_endpoint": "https://microcreatemyvm041719430.blob.core.windows.net/",
            "primary_blob_host": "microcreatemyvm041719430.blob.core.windows.net",
            "primary_connection_string": "DefaultEndpointsProtocol=https;AccountName=microcreatemyvm041719430;AccountKey=h1kiVoKaQPHOfSVhLrwLNHpMYvyVgvkexnEXH4UB/TICjUN/s5pzKLioqlDwyTHu7NAw/Ao8mEMi+AStd9syUA==;EndpointSuffix=core.windows.net",
            "primary_dfs_endpoint": "https://microcreatemyvm041719430.dfs.core.windows.net/",
            "primary_dfs_host": "microcreatemyvm041719430.dfs.core.windows.net",
            "primary_file_endpoint": "https://microcreatemyvm041719430.file.core.windows.net/",
            "primary_file_host": "microcreatemyvm041719430.file.core.windows.net",
            "primary_location": "eastus",
            "primary_queue_endpoint": "https://microcreatemyvm041719430.queue.core.windows.net/",
            "primary_queue_host": "microcreatemyvm041719430.queue.core.windows.net",
            "primary_table_endpoint": "https://microcreatemyvm041719430.table.core.windows.net/",
            "primary_table_host": "microcreatemyvm041719430.table.core.windows.net",
            "primary_web_endpoint": "https://microcreatemyvm041719430.z13.web.core.windows.net/",
            "primary_web_host": "microcreatemyvm041719430.z13.web.core.windows.net",
            "public_network_access_enabled": true,
            "queue_encryption_key_type": "Service",
            "queue_properties": [
              {
                "cors_rule": [],
                "hour_metrics": [
                  {
                    "enabled": true,
                    "include_apis": true,
                    "retention_policy_days": 7,
                    "version": "1.0"
                  }
                ],
                "logging": [
                  {
                    "delete": false,
                    "read": false,
                    "retention_policy_days": 0,
                    "version": "1.0",
                    "write": false
                  }
                ],
                "minute_metrics": [
                  {
                    "enabled": false,
                    "include_apis": false,
                    "retention_policy_days": 0,
                    "version": "1.0"
                  }
                ]
              }
            ],
            "resource_group_name": "CreatePrivateEndpointQS-rg",
            "routing": [],
            "sas_policy": [],
            "secondary_access_key": "efR/5pl5rZB3/MmEwWg+DKgBLgPOYlWqMfT268m2U8vnSlNeVVB7UVkNiNz6goGBTtSaKdl0iAN0+AStn8lrWQ==",
            "secondary_blob_connection_string": "",
            "secondary_blob_endpoint": null,
            "secondary_blob_host": null,
            "secondary_connection_string": "DefaultEndpointsProtocol=https;AccountName=microcreatemyvm041719430;AccountKey=efR/5pl5rZB3/MmEwWg+DKgBLgPOYlWqMfT268m2U8vnSlNeVVB7UVkNiNz6goGBTtSaKdl0iAN0+AStn8lrWQ==;EndpointSuffix=core.windows.net",
            "secondary_dfs_endpoint": null,
            "secondary_dfs_host": null,
            "secondary_file_endpoint": null,
            "secondary_file_host": null,
            "secondary_location": "westus",
            "secondary_queue_endpoint": null,
            "secondary_queue_host": null,
            "secondary_table_endpoint": null,
            "secondary_table_host": null,
            "secondary_web_endpoint": null,
            "secondary_web_host": null,
            "sftp_enabled": false,
            "share_properties": [
              {
                "cors_rule": [],
                "retention_policy": [
                  {
                    "days": 7
                  }
                ],
                "smb": []
              }
            ],
            "shared_access_key_enabled": true,
            "static_website": [],
            "table_encryption_key_type": "Service",
            "tags": {},
            "timeouts": {
              "create": null,
              "delete": null,
              "read": null,
              "update": null
            }
          },
          "sensitive_attributes": [],
          "private": "eyJlMmJmYjczMC1lY2FhLTExZTYtOGY4OC0zNDM2M2JjN2M0YzAiOnsiY3JlYXRlIjozNjAwMDAwMDAwMDAwLCJkZWxldGUiOjM2MDAwMDAwMDAwMDAsInJlYWQiOjMwMDAwMDAwMDAwMCwidXBkYXRlIjozNjAwMDAwMDAwMDAwfSwic2NoZW1hX3ZlcnNpb24iOiIzIn0="
        }
      ]
    },
    {
      "mode": "managed",
      "type": "azurerm_storage_container",
      "name": "res-18",
      "provider": "provider[\"registry.terraform.io/hashicorp/azurerm\"]",
      "instances": [
        {
          "schema_version": 1,
          "attributes": {
            "container_access_type": "private",
            "has_immutability_policy": false,
            "has_legal_hold": false,
            "id": "https://microcreatemyvm041719430.blob.core.windows.net/bootdiagnostics-myvm-c03296c0-a6da-45ad-9109-9af3af269e9e",
            "metadata": {},
            "name": "bootdiagnostics-myvm-c03296c0-a6da-45ad-9109-9af3af269e9e",
            "resource_manager_id": "/subscriptions/023b2039-5c23-44b8-844e-c002f8ed431d/resourceGroups/CreatePrivateEndpointQS-rg/providers/Microsoft.Storage/storageAccounts/microcreatemyvm041719430/blobServices/default/containers/bootdiagnostics-myvm-c03296c0-a6da-45ad-9109-9af3af269e9e",
            "storage_account_name": "microcreatemyvm041719430",
            "timeouts": {
              "create": null,
              "delete": null,
              "read": null,
              "update": null
            }
          },
          "sensitive_attributes": [],
          "private": "eyJlMmJmYjczMC1lY2FhLTExZTYtOGY4OC0zNDM2M2JjN2M0YzAiOnsiY3JlYXRlIjoxODAwMDAwMDAwMDAwLCJkZWxldGUiOjE4MDAwMDAwMDAwMDAsInJlYWQiOjMwMDAwMDAwMDAwMCwidXBkYXRlIjoxODAwMDAwMDAwMDAwfSwic2NoZW1hX3ZlcnNpb24iOiIxIn0="
        }
      ]
    },
    {
      "mode": "managed",
      "type": "azurerm_subnet",
      "name": "res-14",
      "provider": "provider[\"registry.terraform.io/hashicorp/azurerm\"]",
      "instances": [
        {
          "schema_version": 0,
          "attributes": {
            "address_prefixes": [
              "10.0.1.0/24"
            ],
            "delegation": [],
            "enforce_private_link_endpoint_network_policies": true,
            "enforce_private_link_service_network_policies": false,
            "id": "/subscriptions/023b2039-5c23-44b8-844e-c002f8ed431d/resourceGroups/CreatePrivateEndpointQS-rg/providers/Microsoft.Network/virtualNetworks/MyVNet/subnets/AzureBastionSubnet",
            "name": "AzureBastionSubnet",
            "private_endpoint_network_policies_enabled": false,
            "private_link_service_network_policies_enabled": true,
            "resource_group_name": "CreatePrivateEndpointQS-rg",
            "service_endpoint_policy_ids": [],
            "service_endpoints": [],
            "timeouts": {
              "create": null,
              "delete": null,
              "read": null,
              "update": null
            },
            "virtual_network_name": "MyVNet"
          },
          "sensitive_attributes": [],
          "private": "eyJlMmJmYjczMC1lY2FhLTExZTYtOGY4OC0zNDM2M2JjN2M0YzAiOnsiY3JlYXRlIjoxODAwMDAwMDAwMDAwLCJkZWxldGUiOjE4MDAwMDAwMDAwMDAsInJlYWQiOjMwMDAwMDAwMDAwMCwidXBkYXRlIjoxODAwMDAwMDAwMDAwfSwic2NoZW1hX3ZlcnNpb24iOiIwIn0="
        }
      ]
    },
    {
      "mode": "managed",
      "type": "azurerm_subnet",
      "name": "res-15",
      "provider": "provider[\"registry.terraform.io/hashicorp/azurerm\"]",
      "instances": [
        {
          "schema_version": 0,
          "attributes": {
            "address_prefixes": [
              "10.0.0.0/24"
            ],
            "delegation": [],
            "enforce_private_link_endpoint_network_policies": true,
            "enforce_private_link_service_network_policies": false,
            "id": "/subscriptions/023b2039-5c23-44b8-844e-c002f8ed431d/resourceGroups/CreatePrivateEndpointQS-rg/providers/Microsoft.Network/virtualNetworks/MyVNet/subnets/myBackendSubnet",
            "name": "myBackendSubnet",
            "private_endpoint_network_policies_enabled": false,
            "private_link_service_network_policies_enabled": true,
            "resource_group_name": "CreatePrivateEndpointQS-rg",
            "service_endpoint_policy_ids": [],
            "service_endpoints": [],
            "timeouts": {
              "create": null,
              "delete": null,
              "read": null,
              "update": null
            },
            "virtual_network_name": "MyVNet"
          },
          "sensitive_attributes": [],
          "private": "eyJlMmJmYjczMC1lY2FhLTExZTYtOGY4OC0zNDM2M2JjN2M0YzAiOnsiY3JlYXRlIjoxODAwMDAwMDAwMDAwLCJkZWxldGUiOjE4MDAwMDAwMDAwMDAsInJlYWQiOjMwMDAwMDAwMDAwMCwidXBkYXRlIjoxODAwMDAwMDAwMDAwfSwic2NoZW1hX3ZlcnNpb24iOiIwIn0="
        }
      ]
    },
    {
      "mode": "managed",
      "type": "azurerm_virtual_machine_extension",
      "name": "res-2",
      "provider": "provider[\"registry.terraform.io/hashicorp/azurerm\"]",
      "instances": [
        {
          "schema_version": 0,
          "attributes": {
            "auto_upgrade_minor_version": true,
            "automatic_upgrade_enabled": true,
            "failure_suppression_enabled": false,
            "id": "/subscriptions/023b2039-5c23-44b8-844e-c002f8ed431d/resourceGroups/CreatePrivateEndpointQS-rg/providers/Microsoft.Compute/virtualMachines/myVM/extensions/AzurePolicyforWindows",
            "name": "AzurePolicyforWindows",
            "protected_settings": null,
            "protected_settings_from_key_vault": [],
            "publisher": "Microsoft.GuestConfiguration",
            "settings": "",
            "tags": {},
            "timeouts": {
              "create": null,
              "delete": null,
              "read": null,
              "update": null
            },
            "type": "ConfigurationforWindows",
            "type_handler_version": "1.1",
            "virtual_machine_id": "/subscriptions/023b2039-5c23-44b8-844e-c002f8ed431d/resourceGroups/CreatePrivateEndpointQS-rg/providers/Microsoft.Compute/virtualMachines/myVM"
          },
          "sensitive_attributes": [],
          "private": "eyJlMmJmYjczMC1lY2FhLTExZTYtOGY4OC0zNDM2M2JjN2M0YzAiOnsiY3JlYXRlIjoxODAwMDAwMDAwMDAwLCJkZWxldGUiOjE4MDAwMDAwMDAwMDAsInJlYWQiOjMwMDAwMDAwMDAwMCwidXBkYXRlIjoxODAwMDAwMDAwMDAwfSwic2NoZW1hX3ZlcnNpb24iOiIwIn0="
        }
      ]
    },
    {
      "mode": "managed",
      "type": "azurerm_virtual_machine_extension",
      "name": "res-3",
      "provider": "provider[\"registry.terraform.io/hashicorp/azurerm\"]",
      "instances": [
        {
          "schema_version": 0,
          "attributes": {
            "auto_upgrade_minor_version": true,
            "automatic_upgrade_enabled": false,
            "failure_suppression_enabled": false,
            "id": "/subscriptions/023b2039-5c23-44b8-844e-c002f8ed431d/resourceGroups/CreatePrivateEndpointQS-rg/providers/Microsoft.Compute/virtualMachines/myVM/extensions/BGInfo",
            "name": "BGInfo",
            "protected_settings": null,
            "protected_settings_from_key_vault": [],
            "publisher": "Microsoft.Compute",
            "settings": null,
            "tags": {},
            "timeouts": {
              "create": null,
              "delete": null,
              "read": null,
              "update": null
            },
            "type": "BGInfo",
            "type_handler_version": "2.2",
            "virtual_machine_id": "/subscriptions/023b2039-5c23-44b8-844e-c002f8ed431d/resourceGroups/CreatePrivateEndpointQS-rg/providers/Microsoft.Compute/virtualMachines/myVM"
          },
          "sensitive_attributes": [],
          "private": "eyJlMmJmYjczMC1lY2FhLTExZTYtOGY4OC0zNDM2M2JjN2M0YzAiOnsiY3JlYXRlIjoxODAwMDAwMDAwMDAwLCJkZWxldGUiOjE4MDAwMDAwMDAwMDAsInJlYWQiOjMwMDAwMDAwMDAwMCwidXBkYXRlIjoxODAwMDAwMDAwMDAwfSwic2NoZW1hX3ZlcnNpb24iOiIwIn0="
        }
      ]
    },
    {
      "mode": "managed",
      "type": "azurerm_virtual_machine_extension",
      "name": "res-4",
      "provider": "provider[\"registry.terraform.io/hashicorp/azurerm\"]",
      "instances": [
        {
          "schema_version": 0,
          "attributes": {
            "auto_upgrade_minor_version": false,
            "automatic_upgrade_enabled": false,
            "failure_suppression_enabled": false,
            "id": "/subscriptions/023b2039-5c23-44b8-844e-c002f8ed431d/resourceGroups/CreatePrivateEndpointQS-rg/providers/Microsoft.Compute/virtualMachines/myVM/extensions/WindowsAgent.AzureSecurityCenter",
            "name": "WindowsAgent.AzureSecurityCenter",
            "protected_settings": null,
            "protected_settings_from_key_vault": [],
            "publisher": "Qualys",
            "settings": "{\"GrayLabel\":{\"CustomerID\":\"8efb48e5-2676-4ac5-b85f-7a49fe6205aa\",\"ResourceID\":\"eff1edb6-bdc6-73c6-ffc4-5d134294bd3e\"},\"LicenseCode\":\"eyJjaWQiOiI0ZTdkMGQwMy1mZjdkLTRlNGQtODNlZi0yMmIzMDk1ZTk0ZWQiLCJhaWQiOiJiODYwNWNkYi04OTlmLTQxZDEtOWRmNS05ZTRjOGQ0NDEzNTAiLCJwd3NVcmwiOiJodHRwczovL3FhZ3B1YmxpYy5xZzMuYXBwcy5xdWFseXMuY29tL0Nsb3VkQWdlbnQvIiwicHdzUG9ydCI6IjQ0MyJ9\"}",
            "tags": {},
            "timeouts": {
              "create": null,
              "delete": null,
              "read": null,
              "update": null
            },
            "type": "WindowsAgent.AzureSecurityCenter",
            "type_handler_version": "1.0",
            "virtual_machine_id": "/subscriptions/023b2039-5c23-44b8-844e-c002f8ed431d/resourceGroups/CreatePrivateEndpointQS-rg/providers/Microsoft.Compute/virtualMachines/myVM"
          },
          "sensitive_attributes": [],
          "private": "eyJlMmJmYjczMC1lY2FhLTExZTYtOGY4OC0zNDM2M2JjN2M0YzAiOnsiY3JlYXRlIjoxODAwMDAwMDAwMDAwLCJkZWxldGUiOjE4MDAwMDAwMDAwMDAsInJlYWQiOjMwMDAwMDAwMDAwMCwidXBkYXRlIjoxODAwMDAwMDAwMDAwfSwic2NoZW1hX3ZlcnNpb24iOiIwIn0="
        }
      ]
    },
    {
      "mode": "managed",
      "type": "azurerm_virtual_network",
      "name": "res-13",
      "provider": "provider[\"registry.terraform.io/hashicorp/azurerm\"]",
      "instances": [
        {
          "schema_version": 0,
          "attributes": {
            "address_space": [
              "10.0.0.0/16"
            ],
            "bgp_community": "",
            "ddos_protection_plan": [],
            "dns_servers": [],
            "edge_zone": "",
            "flow_timeout_in_minutes": 0,
            "guid": "bda0d333-86da-414b-8902-a818301e41a9",
            "id": "/subscriptions/023b2039-5c23-44b8-844e-c002f8ed431d/resourceGroups/CreatePrivateEndpointQS-rg/providers/Microsoft.Network/virtualNetworks/MyVNet",
            "location": "eastus",
            "name": "MyVNet",
            "resource_group_name": "CreatePrivateEndpointQS-rg",
            "subnet": [
              {
                "address_prefix": "10.0.0.0/24",
                "id": "/subscriptions/023b2039-5c23-44b8-844e-c002f8ed431d/resourceGroups/CreatePrivateEndpointQS-rg/providers/Microsoft.Network/virtualNetworks/MyVNet/subnets/myBackendSubnet",
                "name": "myBackendSubnet",
                "security_group": ""
              },
              {
                "address_prefix": "10.0.1.0/24",
                "id": "/subscriptions/023b2039-5c23-44b8-844e-c002f8ed431d/resourceGroups/CreatePrivateEndpointQS-rg/providers/Microsoft.Network/virtualNetworks/MyVNet/subnets/AzureBastionSubnet",
                "name": "AzureBastionSubnet",
                "security_group": ""
              }
            ],
            "tags": {},
            "timeouts": {
              "create": null,
              "delete": null,
              "read": null,
              "update": null
            }
          },
          "sensitive_attributes": [],
          "private": "eyJlMmJmYjczMC1lY2FhLTExZTYtOGY4OC0zNDM2M2JjN2M0YzAiOnsiY3JlYXRlIjoxODAwMDAwMDAwMDAwLCJkZWxldGUiOjE4MDAwMDAwMDAwMDAsInJlYWQiOjMwMDAwMDAwMDAwMCwidXBkYXRlIjoxODAwMDAwMDAwMDAwfSwic2NoZW1hX3ZlcnNpb24iOiIwIn0="
        }
      ]
    },
    {
      "mode": "managed",
      "type": "azurerm_windows_virtual_machine",
      "name": "res-1",
      "provider": "provider[\"registry.terraform.io/hashicorp/azurerm\"]",
      "instances": [
        {
          "schema_version": 0,
          "attributes": {
            "additional_capabilities": [],
            "additional_unattend_content": [],
            "admin_password": "ignored-as-imported",
            "admin_username": "logcorner",
            "allow_extension_operations": true,
            "availability_set_id": "",
            "boot_diagnostics": [
              {
                "storage_account_uri": "https://microcreatemyvm041719430.blob.core.windows.net/"
              }
            ],
            "capacity_reservation_group_id": "",
            "computer_name": "myVM",
            "custom_data": null,
            "dedicated_host_group_id": "",
            "dedicated_host_id": "",
            "edge_zone": "",
            "enable_automatic_updates": true,
            "encryption_at_host_enabled": false,
            "eviction_policy": "",
            "extensions_time_budget": "PT1H30M",
            "gallery_application": [],
            "hotpatching_enabled": false,
            "id": "/subscriptions/023b2039-5c23-44b8-844e-c002f8ed431d/resourceGroups/CreatePrivateEndpointQS-rg/providers/Microsoft.Compute/virtualMachines/myVM",
            "identity": [
              {
                "identity_ids": [],
                "principal_id": "8dd184da-72d8-4397-aecd-e34f9c7359c6",
                "tenant_id": "f12a747a-cddf-4426-96ff-ebe055e215a3",
                "type": "SystemAssigned"
              }
            ],
            "license_type": "",
            "location": "eastus",
            "max_bid_price": -1,
            "name": "myVM",
            "network_interface_ids": [
              "/subscriptions/023b2039-5c23-44b8-844e-c002f8ed431d/resourceGroups/CreatePrivateEndpointQS-rg/providers/Microsoft.Network/networkInterfaces/myNicVM"
            ],
            "os_disk": [
              {
                "caching": "ReadWrite",
                "diff_disk_settings": [],
                "disk_encryption_set_id": "",
                "disk_size_gb": 127,
                "name": "myVM_OsDisk_1_63f552448d33433680f98105171cbb79",
                "secure_vm_disk_encryption_set_id": "",
                "security_encryption_type": "",
                "storage_account_type": "Premium_LRS",
                "write_accelerator_enabled": false
              }
            ],
            "patch_assessment_mode": "ImageDefault",
            "patch_mode": "AutomaticByOS",
            "plan": [],
            "platform_fault_domain": -1,
            "priority": "Regular",
            "private_ip_address": "10.0.0.4",
            "private_ip_addresses": [
              "10.0.0.4"
            ],
            "provision_vm_agent": true,
            "proximity_placement_group_id": "",
            "public_ip_address": "",
            "public_ip_addresses": [],
            "resource_group_name": "CreatePrivateEndpointQS-rg",
            "secret": [],
            "secure_boot_enabled": false,
            "size": "Standard_DS1_v2",
            "source_image_id": "",
            "source_image_reference": [
              {
                "offer": "WindowsServer",
                "publisher": "MicrosoftWindowsServer",
                "sku": "2019-Datacenter",
                "version": "latest"
              }
            ],
            "tags": {},
            "termination_notification": [],
            "timeouts": {
              "create": null,
              "delete": null,
              "read": null,
              "update": null
            },
            "timezone": "",
            "user_data": "",
            "virtual_machine_id": "c03296c0-a6da-45ad-9109-9af3af269e9e",
            "virtual_machine_scale_set_id": "",
            "vtpm_enabled": false,
            "winrm_listener": [],
            "zone": ""
          },
          "sensitive_attributes": [],
          "private": "eyJlMmJmYjczMC1lY2FhLTExZTYtOGY4OC0zNDM2M2JjN2M0YzAiOnsiY3JlYXRlIjoyNzAwMDAwMDAwMDAwLCJkZWxldGUiOjI3MDAwMDAwMDAwMDAsInJlYWQiOjMwMDAwMDAwMDAwMCwidXBkYXRlIjoyNzAwMDAwMDAwMDAwfSwic2NoZW1hX3ZlcnNpb24iOiIwIn0="
        }
      ]
    }
  ]
}
